
Microsoft Visual Studio Solution File, Format Version 12.00
# Visual Studio 2012
Project("{8BC9CEB8-8B4A-11D0-8D11-00A0C91BC942}") = "CursorRGB", "CursorRGB\CursorRGB.vcxproj", "{56E12698-467B-4FA2-A831-B2BA883D550F}"
EndProject
Global
	GlobalSection(SolutionConfigurationPlatforms) = preSolution
		Debug|Win32 = Debug|Win32
		Release|Win32 = Release|Win32
	EndGlobalSection
	GlobalSection(ProjectConfigurationPlatforms) = postSolution
		{56E12698-467B-4FA2-A831-B2BA883D550F}.Debug|Win32.ActiveCfg = Debug|Win32
		{56E12698-467B-4FA2-A831-B2BA883D550F}.Debug|Win32.Build.0 = Debug|Win32
		{56E12698-467B-4FA2-A831-B2BA883D550F}.Release|Win32.ActiveCfg = Release|Win32
		{56E12698-467B-4FA2-A831-B2BA883D550F}.Release|Win32.Build.0 = Release|Win32
	EndGlobalSection
	GlobalSection(SolutionProperties) = preSolution
		HideSolutionNode = FALSE
	EndGlobalSection
EndGlobal
